
Microsoft Visual Studio Solution File, Format Version 12.00
# Visual Studio 15
VisualStudioVersion = 15.0.27428.2015
MinimumVisualStudioVersion = 10.0.40219.1
Project("{FAE04EC0-301F-11D3-BF4B-00C04F79EFBC}") = "DAB3_3", "DAB3_3\DAB3_3.csproj", "{8D47C075-5B3D-423D-8BDA-BF546DE91A00}"
EndProject
Project("{FAE04EC0-301F-11D3-BF4B-00C04F79EFBC}") = "DODB2_2N", "DODB2_2N\DODB2_2N.csproj", "{7F693251-BEF5-4BEA-929D-D960EF095071}"
EndProject
Global
	GlobalSection(SolutionConfigurationPlatforms) = preSolution
		Debug|Any CPU = Debug|Any CPU
		Release|Any CPU = Release|Any CPU
	EndGlobalSection
	GlobalSection(ProjectConfigurationPlatforms) = postSolution
		{8D47C075-5B3D-423D-8BDA-BF546DE91A00}.Debug|Any CPU.ActiveCfg = Debug|Any CPU
		{8D47C075-5B3D-423D-8BDA-BF546DE91A00}.Debug|Any CPU.Build.0 = Debug|Any CPU
		{8D47C075-5B3D-423D-8BDA-BF546DE91A00}.Release|Any CPU.ActiveCfg = Release|Any CPU
		{8D47C075-5B3D-423D-8BDA-BF546DE91A00}.Release|Any CPU.Build.0 = Release|Any CPU
		{7F693251-BEF5-4BEA-929D-D960EF095071}.Debug|Any CPU.ActiveCfg = Debug|Any CPU
		{7F693251-BEF5-4BEA-929D-D960EF095071}.Debug|Any CPU.Build.0 = Debug|Any CPU
		{7F693251-BEF5-4BEA-929D-D960EF095071}.Release|Any CPU.ActiveCfg = Release|Any CPU
		{7F693251-BEF5-4BEA-929D-D960EF095071}.Release|Any CPU.Build.0 = Release|Any CPU
	EndGlobalSection
	GlobalSection(SolutionProperties) = preSolution
		HideSolutionNode = FALSE
	EndGlobalSection
	GlobalSection(ExtensibilityGlobals) = postSolution
		EnterpriseLibraryConfigurationToolBinariesPathV6 = packages\EnterpriseLibrary.TransientFaultHandling.6.0.1304.0\lib\portable-net45+win+wp8
		SolutionGuid = {2F1DC7EC-C98E-4732-B7E5-58D92DACF81B}
	EndGlobalSection
EndGlobal
